
Microsoft Visual Studio Solution File, Format Version 12.00
# Visual Studio Version 17
VisualStudioVersion = 17.0.31903.59
MinimumVisualStudioVersion = 10.0.40219.1
Project("{FAE04EC0-301F-11D3-BF4B-00C04F79EFBC}") = "flights-config.api", "flights-config.api\flights-config.api.csproj", "{F8D0E022-890C-417F-8C37-62A8D6D52F2E}"
EndProject
Project("{FAE04EC0-301F-11D3-BF4B-00C04F79EFBC}") = "flights-config.Domain", "flights-config.Domain\flights-config.Domain.csproj", "{91B78B61-20E0-4227-B144-CB2DB157924F}"
EndProject
Project("{FAE04EC0-301F-11D3-BF4B-00C04F79EFBC}") = "flights-config.Tests", "flights-config.Tests\flights-config.Tests.csproj", "{FCE786F7-7929-44F6-8D93-82153768F0C3}"
EndProject
Project("{FAE04EC0-301F-11D3-BF4B-00C04F79EFBC}") = "flights-config.Data", "flights-config.Data\flights-config.Data.csproj", "{097FD45D-9E8B-45BB-82D0-9C5036D6D453}"
EndProject
Global
	GlobalSection(SolutionConfigurationPlatforms) = preSolution
		Debug|Any CPU = Debug|Any CPU
		Release|Any CPU = Release|Any CPU
	EndGlobalSection
	GlobalSection(SolutionProperties) = preSolution
		HideSolutionNode = FALSE
	EndGlobalSection
	GlobalSection(ProjectConfigurationPlatforms) = postSolution
		{F8D0E022-890C-417F-8C37-62A8D6D52F2E}.Debug|Any CPU.ActiveCfg = Debug|Any CPU
		{F8D0E022-890C-417F-8C37-62A8D6D52F2E}.Debug|Any CPU.Build.0 = Debug|Any CPU
		{F8D0E022-890C-417F-8C37-62A8D6D52F2E}.Release|Any CPU.ActiveCfg = Release|Any CPU
		{F8D0E022-890C-417F-8C37-62A8D6D52F2E}.Release|Any CPU.Build.0 = Release|Any CPU
		{91B78B61-20E0-4227-B144-CB2DB157924F}.Debug|Any CPU.ActiveCfg = Debug|Any CPU
		{91B78B61-20E0-4227-B144-CB2DB157924F}.Debug|Any CPU.Build.0 = Debug|Any CPU
		{91B78B61-20E0-4227-B144-CB2DB157924F}.Release|Any CPU.ActiveCfg = Release|Any CPU
		{91B78B61-20E0-4227-B144-CB2DB157924F}.Release|Any CPU.Build.0 = Release|Any CPU
		{FCE786F7-7929-44F6-8D93-82153768F0C3}.Debug|Any CPU.ActiveCfg = Debug|Any CPU
		{FCE786F7-7929-44F6-8D93-82153768F0C3}.Debug|Any CPU.Build.0 = Debug|Any CPU
		{FCE786F7-7929-44F6-8D93-82153768F0C3}.Release|Any CPU.ActiveCfg = Release|Any CPU
		{FCE786F7-7929-44F6-8D93-82153768F0C3}.Release|Any CPU.Build.0 = Release|Any CPU
		{097FD45D-9E8B-45BB-82D0-9C5036D6D453}.Debug|Any CPU.ActiveCfg = Debug|Any CPU
		{097FD45D-9E8B-45BB-82D0-9C5036D6D453}.Debug|Any CPU.Build.0 = Debug|Any CPU
		{097FD45D-9E8B-45BB-82D0-9C5036D6D453}.Release|Any CPU.ActiveCfg = Release|Any CPU
		{097FD45D-9E8B-45BB-82D0-9C5036D6D453}.Release|Any CPU.Build.0 = Release|Any CPU
	EndGlobalSection
EndGlobal
